
Microsoft Visual Studio Solution File, Format Version 12.00
# Visual Studio Version 16
VisualStudioVersion = 16.0.31410.357
MinimumVisualStudioVersion = 10.0.40219.1
Project("{9A19103F-16F7-4668-BE54-9A1E7A4F7556}") = "ProductReviewManagement", "ProductReviewManagement.csproj", "{9737729B-0EDE-462D-A7CF-9C295923BDD0}"
EndProject
Project("{FAE04EC0-301F-11D3-BF4B-00C04F79EFBC}") = "ProductReviewTest", "..\ProductReviewTest\ProductReviewTest.csproj", "{6F06FB59-19A7-4C35-A3F7-BB9659BBBFB9}"
EndProject
Global
	GlobalSection(SolutionConfigurationPlatforms) = preSolution
		Debug|Any CPU = Debug|Any CPU
		Release|Any CPU = Release|Any CPU
	EndGlobalSection
	GlobalSection(ProjectConfigurationPlatforms) = postSolution
		{9737729B-0EDE-462D-A7CF-9C295923BDD0}.Debug|Any CPU.ActiveCfg = Debug|Any CPU
		{9737729B-0EDE-462D-A7CF-9C295923BDD0}.Debug|Any CPU.Build.0 = Debug|Any CPU
		{9737729B-0EDE-462D-A7CF-9C295923BDD0}.Release|Any CPU.ActiveCfg = Release|Any CPU
		{9737729B-0EDE-462D-A7CF-9C295923BDD0}.Release|Any CPU.Build.0 = Release|Any CPU
		{6F06FB59-19A7-4C35-A3F7-BB9659BBBFB9}.Debug|Any CPU.ActiveCfg = Debug|Any CPU
		{6F06FB59-19A7-4C35-A3F7-BB9659BBBFB9}.Debug|Any CPU.Build.0 = Debug|Any CPU
		{6F06FB59-19A7-4C35-A3F7-BB9659BBBFB9}.Release|Any CPU.ActiveCfg = Release|Any CPU
		{6F06FB59-19A7-4C35-A3F7-BB9659BBBFB9}.Release|Any CPU.Build.0 = Release|Any CPU
	EndGlobalSection
	GlobalSection(SolutionProperties) = preSolution
		HideSolutionNode = FALSE
	EndGlobalSection
	GlobalSection(ExtensibilityGlobals) = postSolution
		SolutionGuid = {CB438FA8-3631-48C5-B078-9B108A672064}
	EndGlobalSection
EndGlobal
